// !$*UTF8*$!
{
	archiveVersion = 1;
	classes = {
	};
	objectVersion = 56;
	objects = {

/* Begin PBXBuildFile section */
		1DEB654F2B6A6ADD002BDE5C /* AppDelegate.swift in Sources */ = {isa = PBXBuildFile; fileRef = 1DEB654E2B6A6ADD002BDE5C /* AppDelegate.swift */; };
		1DEB65512B6A6ADD002BDE5C /* SceneDelegate.swift in Sources */ = {isa = PBXBuildFile; fileRef = 1DEB65502B6A6ADD002BDE5C /* SceneDelegate.swift */; };
		1DEB65532B6A6ADD002BDE5C /* MoviesListViewController.swift in Sources */ = {isa = PBXBuildFile; fileRef = 1DEB65522B6A6ADD002BDE5C /* MoviesListViewController.swift */; };
		1DEB65562B6A6ADD002BDE5C /* Main.storyboard in Resources */ = {isa = PBXBuildFile; fileRef = 1DEB65542B6A6ADD002BDE5C /* Main.storyboard */; };
		1DEB65592B6A6ADD002BDE5C /* TestTask___iOS_Nitrix.xcdatamodeld in Sources */ = {isa = PBXBuildFile; fileRef = 1DEB65572B6A6ADD002BDE5C /* TestTask___iOS_Nitrix.xcdatamodeld */; };
		1DEB655B2B6A6ADF002BDE5C /* Assets.xcassets in Resources */ = {isa = PBXBuildFile; fileRef = 1DEB655A2B6A6ADF002BDE5C /* Assets.xcassets */; };
		1DEB655E2B6A6ADF002BDE5C /* LaunchScreen.storyboard in Resources */ = {isa = PBXBuildFile; fileRef = 1DEB655C2B6A6ADF002BDE5C /* LaunchScreen.storyboard */; };
		1DEB656D2B6A6BA3002BDE5C /* Тестове завдання iOS Nitrix.pdf in Resources */ = {isa = PBXBuildFile; fileRef = 1DEB656C2B6A6BA3002BDE5C /* Тестове завдання iOS Nitrix.pdf */; };
		1DEB65712B6A6C01002BDE5C /* FavoritesViewController.swift in Sources */ = {isa = PBXBuildFile; fileRef = 1DEB65702B6A6C01002BDE5C /* FavoritesViewController.swift */; };
		1DEB65732B6A6F2F002BDE5C /* MainTabBarController.swift in Sources */ = {isa = PBXBuildFile; fileRef = 1DEB65722B6A6F2F002BDE5C /* MainTabBarController.swift */; };
/* End PBXBuildFile section */

/* Begin PBXFileReference section */
		1DEB654B2B6A6ADD002BDE5C /* TestTask - iOS Nitrix.app */ = {isa = PBXFileReference; explicitFileType = wrapper.application; includeInIndex = 0; path = "TestTask - iOS Nitrix.app"; sourceTree = BUILT_PRODUCTS_DIR; };
		1DEB654E2B6A6ADD002BDE5C /* AppDelegate.swift */ = {isa = PBXFileReference; lastKnownFileType = sourcecode.swift; path = AppDelegate.swift; sourceTree = "<group>"; };
		1DEB65502B6A6ADD002BDE5C /* SceneDelegate.swift */ = {isa = PBXFileReference; lastKnownFileType = sourcecode.swift; path = SceneDelegate.swift; sourceTree = "<group>"; };
		1DEB65522B6A6ADD002BDE5C /* MoviesListViewController.swift */ = {isa = PBXFileReference; lastKnownFileType = sourcecode.swift; path = MoviesListViewController.swift; sourceTree = "<group>"; };
		1DEB65552B6A6ADD002BDE5C /* Base */ = {isa = PBXFileReference; lastKnownFileType = file.storyboard; name = Base; path = Base.lproj/Main.storyboard; sourceTree = "<group>"; };
		1DEB65582B6A6ADD002BDE5C /* TestTask___iOS_Nitrix.xcdatamodel */ = {isa = PBXFileReference; lastKnownFileType = wrapper.xcdatamodel; path = "TestTask___iOS_Nitrix.xcdatamodel"; sourceTree = "<group>"; };
		1DEB655A2B6A6ADF002BDE5C /* Assets.xcassets */ = {isa = PBXFileReference; lastKnownFileType = folder.assetcatalog; path = Assets.xcassets; sourceTree = "<group>"; };
		1DEB655D2B6A6ADF002BDE5C /* Base */ = {isa = PBXFileReference; lastKnownFileType = file.storyboard; name = Base; path = Base.lproj/LaunchScreen.storyboard; sourceTree = "<group>"; };
		1DEB655F2B6A6ADF002BDE5C /* Info.plist */ = {isa = PBXFileReference; lastKnownFileType = text.plist.xml; path = Info.plist; sourceTree = "<group>"; };
		1DEB656C2B6A6BA3002BDE5C /* Тестове завдання iOS Nitrix.pdf */ = {isa = PBXFileReference; lastKnownFileType = image.pdf; path = "Тестове завдання iOS Nitrix.pdf"; sourceTree = "<group>"; };
		1DEB65702B6A6C01002BDE5C /* FavoritesViewController.swift */ = {isa = PBXFileReference; lastKnownFileType = sourcecode.swift; path = FavoritesViewController.swift; sourceTree = "<group>"; };
		1DEB65722B6A6F2F002BDE5C /* MainTabBarController.swift */ = {isa = PBXFileReference; lastKnownFileType = sourcecode.swift; path = MainTabBarController.swift; sourceTree = "<group>"; };
/* End PBXFileReference section */

/* Begin PBXFrameworksBuildPhase section */
		1DEB65482B6A6ADD002BDE5C /* Frameworks */ = {
			isa = PBXFrameworksBuildPhase;
			buildActionMask = 2147483647;
			files = (
			);
			runOnlyForDeploymentPostprocessing = 0;
		};
/* End PBXFrameworksBuildPhase section */

/* Begin PBXGroup section */
		1DEB65422B6A6ADD002BDE5C = {
			isa = PBXGroup;
			children = (
				1DEB654D2B6A6ADD002BDE5C /* TestTask - iOS Nitrix */,
				1DEB654C2B6A6ADD002BDE5C /* Products */,
			);
			sourceTree = "<group>";
		};
		1DEB654C2B6A6ADD002BDE5C /* Products */ = {
			isa = PBXGroup;
			children = (
				1DEB654B2B6A6ADD002BDE5C /* TestTask - iOS Nitrix.app */,
			);
			name = Products;
			sourceTree = "<group>";
		};
		1DEB654D2B6A6ADD002BDE5C /* TestTask - iOS Nitrix */ = {
			isa = PBXGroup;
			children = (
				1DEB65682B6A6B45002BDE5C /* NetworkManager */,
				1DEB65692B6A6B56002BDE5C /* DataManager */,
				1DEB65652B6A6B27002BDE5C /* Models */,
				1DEB65662B6A6B30002BDE5C /* Views */,
				1DEB65672B6A6B39002BDE5C /* ViewModels */,
				1DEB656A2B6A6B67002BDE5C /* AppDelegates */,
				1DEB656B2B6A6B7D002BDE5C /* Storyboards */,
				1DEB655A2B6A6ADF002BDE5C /* Assets.xcassets */,
				1DEB655F2B6A6ADF002BDE5C /* Info.plist */,
				1DEB65572B6A6ADD002BDE5C /* TestTask___iOS_Nitrix.xcdatamodeld */,
				1DEB656C2B6A6BA3002BDE5C /* Тестове завдання iOS Nitrix.pdf */,
			);
			path = "TestTask - iOS Nitrix";
			sourceTree = "<group>";
		};
		1DEB65652B6A6B27002BDE5C /* Models */ = {
			isa = PBXGroup;
			children = (
			);
			path = Models;
			sourceTree = "<group>";
		};
		1DEB65662B6A6B30002BDE5C /* Views */ = {
			isa = PBXGroup;
			children = (
				1DEB65722B6A6F2F002BDE5C /* MainTabBarController.swift */,
				1DEB65522B6A6ADD002BDE5C /* MoviesListViewController.swift */,
				1DEB65702B6A6C01002BDE5C /* FavoritesViewController.swift */,
			);
			path = Views;
			sourceTree = "<group>";
		};
		1DEB65672B6A6B39002BDE5C /* ViewModels */ = {
			isa = PBXGroup;
			children = (
			);
			path = ViewModels;
			sourceTree = "<group>";
		};
		1DEB65682B6A6B45002BDE5C /* NetworkManager */ = {
			isa = PBXGroup;
			children = (
			);
			path = NetworkManager;
			sourceTree = "<group>";
		};
		1DEB65692B6A6B56002BDE5C /* DataManager */ = {
			isa = PBXGroup;
			children = (
			);
			path = DataManager;
			sourceTree = "<group>";
		};
		1DEB656A2B6A6B67002BDE5C /* AppDelegates */ = {
			isa = PBXGroup;
			children = (
				1DEB654E2B6A6ADD002BDE5C /* AppDelegate.swift */,
				1DEB65502B6A6ADD002BDE5C /* SceneDelegate.swift */,
			);
			path = AppDelegates;
			sourceTree = "<group>";
		};
		1DEB656B2B6A6B7D002BDE5C /* Storyboards */ = {
			isa = PBXGroup;
			children = (
				1DEB65542B6A6ADD002BDE5C /* Main.storyboard */,
				1DEB655C2B6A6ADF002BDE5C /* LaunchScreen.storyboard */,
			);
			path = Storyboards;
			sourceTree = "<group>";
		};
/* End PBXGroup section */

/* Begin PBXNativeTarget section */
		1DEB654A2B6A6ADD002BDE5C /* TestTask - iOS Nitrix */ = {
			isa = PBXNativeTarget;
			buildConfigurationList = 1DEB65622B6A6ADF002BDE5C /* Build configuration list for PBXNativeTarget "TestTask - iOS Nitrix" */;
			buildPhases = (
				1DEB65472B6A6ADD002BDE5C /* Sources */,
				1DEB65482B6A6ADD002BDE5C /* Frameworks */,
				1DEB65492B6A6ADD002BDE5C /* Resources */,
			);
			buildRules = (
			);
			dependencies = (
			);
			name = "TestTask - iOS Nitrix";
			productName = "TestTask - iOS Nitrix";
			productReference = 1DEB654B2B6A6ADD002BDE5C /* TestTask - iOS Nitrix.app */;
			productType = "com.apple.product-type.application";
		};
/* End PBXNativeTarget section */

/* Begin PBXProject section */
		1DEB65432B6A6ADD002BDE5C /* Project object */ = {
			isa = PBXProject;
			attributes = {
				BuildIndependentTargetsInParallel = 1;
				LastSwiftUpdateCheck = 1520;
				LastUpgradeCheck = 1520;
				TargetAttributes = {
					1DEB654A2B6A6ADD002BDE5C = {
						CreatedOnToolsVersion = 15.2;
					};
				};
			};
			buildConfigurationList = 1DEB65462B6A6ADD002BDE5C /* Build configuration list for PBXProject "TestTask - iOS Nitrix" */;
			compatibilityVersion = "Xcode 14.0";
			developmentRegion = en;
			hasScannedForEncodings = 0;
			knownRegions = (
				en,
				Base,
			);
			mainGroup = 1DEB65422B6A6ADD002BDE5C;
			productRefGroup = 1DEB654C2B6A6ADD002BDE5C /* Products */;
			projectDirPath = "";
			projectRoot = "";
			targets = (
				1DEB654A2B6A6ADD002BDE5C /* TestTask - iOS Nitrix */,
			);
		};
/* End PBXProject section */

/* Begin PBXResourcesBuildPhase section */
		1DEB65492B6A6ADD002BDE5C /* Resources */ = {
			isa = PBXResourcesBuildPhase;
			buildActionMask = 2147483647;
			files = (
				1DEB655E2B6A6ADF002BDE5C /* LaunchScreen.storyboard in Resources */,
				1DEB656D2B6A6BA3002BDE5C /* Тестове завдання iOS Nitrix.pdf in Resources */,
				1DEB655B2B6A6ADF002BDE5C /* Assets.xcassets in Resources */,
				1DEB65562B6A6ADD002BDE5C /* Main.storyboard in Resources */,
			);
			runOnlyForDeploymentPostprocessing = 0;
		};
/* End PBXResourcesBuildPhase section */

/* Begin PBXSourcesBuildPhase section */
		1DEB65472B6A6ADD002BDE5C /* Sources */ = {
			isa = PBXSourcesBuildPhase;
			buildActionMask = 2147483647;
			files = (
				1DEB65532B6A6ADD002BDE5C /* MoviesListViewController.swift in Sources */,
				1DEB654F2B6A6ADD002BDE5C /* AppDelegate.swift in Sources */,
				1DEB65732B6A6F2F002BDE5C /* MainTabBarController.swift in Sources */,
				1DEB65592B6A6ADD002BDE5C /* TestTask___iOS_Nitrix.xcdatamodeld in Sources */,
				1DEB65712B6A6C01002BDE5C /* FavoritesViewController.swift in Sources */,
				1DEB65512B6A6ADD002BDE5C /* SceneDelegate.swift in Sources */,
			);
			runOnlyForDeploymentPostprocessing = 0;
		};
/* End PBXSourcesBuildPhase section */

/* Begin PBXVariantGroup section */
		1DEB65542B6A6ADD002BDE5C /* Main.storyboard */ = {
			isa = PBXVariantGroup;
			children = (
				1DEB65552B6A6ADD002BDE5C /* Base */,
			);
			name = Main.storyboard;
			sourceTree = "<group>";
		};
		1DEB655C2B6A6ADF002BDE5C /* LaunchScreen.storyboard */ = {
			isa = PBXVariantGroup;
			children = (
				1DEB655D2B6A6ADF002BDE5C /* Base */,
			);
			name = LaunchScreen.storyboard;
			sourceTree = "<group>";
		};
/* End PBXVariantGroup section */

/* Begin XCBuildConfiguration section */
		1DEB65602B6A6ADF002BDE5C /* Debug */ = {
			isa = XCBuildConfiguration;
			buildSettings = {
				ALWAYS_SEARCH_USER_PATHS = NO;
				ASSETCATALOG_COMPILER_GENERATE_SWIFT_ASSET_SYMBOL_EXTENSIONS = YES;
				CLANG_ANALYZER_NONNULL = YES;
				CLANG_ANALYZER_NUMBER_OBJECT_CONVERSION = YES_AGGRESSIVE;
				CLANG_CXX_LANGUAGE_STANDARD = "gnu++20";
				CLANG_ENABLE_MODULES = YES;
				CLANG_ENABLE_OBJC_ARC = YES;
				CLANG_ENABLE_OBJC_WEAK = YES;
				CLANG_WARN_BLOCK_CAPTURE_AUTORELEASING = YES;
				CLANG_WARN_BOOL_CONVERSION = YES;
				CLANG_WARN_COMMA = YES;
				CLANG_WARN_CONSTANT_CONVERSION = YES;
				CLANG_WARN_DEPRECATED_OBJC_IMPLEMENTATIONS = YES;
				CLANG_WARN_DIRECT_OBJC_ISA_USAGE = YES_ERROR;
				CLANG_WARN_DOCUMENTATION_COMMENTS = YES;
				CLANG_WARN_EMPTY_BODY = YES;
				CLANG_WARN_ENUM_CONVERSION = YES;
				CLANG_WARN_INFINITE_RECURSION = YES;
				CLANG_WARN_INT_CONVERSION = YES;
				CLANG_WARN_NON_LITERAL_NULL_CONVERSION = YES;
				CLANG_WARN_OBJC_IMPLICIT_RETAIN_SELF = YES;
				CLANG_WARN_OBJC_LITERAL_CONVERSION = YES;
				CLANG_WARN_OBJC_ROOT_CLASS = YES_ERROR;
				CLANG_WARN_QUOTED_INCLUDE_IN_FRAMEWORK_HEADER = YES;
				CLANG_WARN_RANGE_LOOP_ANALYSIS = YES;
				CLANG_WARN_STRICT_PROTOTYPES = YES;
				CLANG_WARN_SUSPICIOUS_MOVE = YES;
				CLANG_WARN_UNGUARDED_AVAILABILITY = YES_AGGRESSIVE;
				CLANG_WARN_UNREACHABLE_CODE = YES;
				CLANG_WARN__DUPLICATE_METHOD_MATCH = YES;
				COPY_PHASE_STRIP = NO;
				DEBUG_INFORMATION_FORMAT = dwarf;
				ENABLE_STRICT_OBJC_MSGSEND = YES;
				ENABLE_TESTABILITY = YES;
				ENABLE_USER_SCRIPT_SANDBOXING = YES;
				GCC_C_LANGUAGE_STANDARD = gnu17;
				GCC_DYNAMIC_NO_PIC = NO;
				GCC_NO_COMMON_BLOCKS = YES;
				GCC_OPTIMIZATION_LEVEL = 0;
				GCC_PREPROCESSOR_DEFINITIONS = (
					"DEBUG=1",
					"$(inherited)",
				);
				GCC_WARN_64_TO_32_BIT_CONVERSION = YES;
				GCC_WARN_ABOUT_RETURN_TYPE = YES_ERROR;
				GCC_WARN_UNDECLARED_SELECTOR = YES;
				GCC_WARN_UNINITIALIZED_AUTOS = YES_AGGRESSIVE;
				GCC_WARN_UNUSED_FUNCTION = YES;
				GCC_WARN_UNUSED_VARIABLE = YES;
				IPHONEOS_DEPLOYMENT_TARGET = 15.0;
				LOCALIZATION_PREFERS_STRING_CATALOGS = YES;
				MTL_ENABLE_DEBUG_INFO = INCLUDE_SOURCE;
				MTL_FAST_MATH = YES;
				ONLY_ACTIVE_ARCH = YES;
				SDKROOT = iphoneos;
				SWIFT_ACTIVE_COMPILATION_CONDITIONS = "DEBUG $(inherited)";
				SWIFT_OPTIMIZATION_LEVEL = "-Onone";
			};
			name = Debug;
		};
		1DEB65612B6A6ADF002BDE5C /* Release */ = {
			isa = XCBuildConfiguration;
			buildSettings = {
				ALWAYS_SEARCH_USER_PATHS = NO;
				ASSETCATALOG_COMPILER_GENERATE_SWIFT_ASSET_SYMBOL_EXTENSIONS = YES;
				CLANG_ANALYZER_NONNULL = YES;
				CLANG_ANALYZER_NUMBER_OBJECT_CONVERSION = YES_AGGRESSIVE;
				CLANG_CXX_LANGUAGE_STANDARD = "gnu++20";
				CLANG_ENABLE_MODULES = YES;
				CLANG_ENABLE_OBJC_ARC = YES;
				CLANG_ENABLE_OBJC_WEAK = YES;
				CLANG_WARN_BLOCK_CAPTURE_AUTORELEASING = YES;
				CLANG_WARN_BOOL_CONVERSION = YES;
				CLANG_WARN_COMMA = YES;
				CLANG_WARN_CONSTANT_CONVERSION = YES;
				CLANG_WARN_DEPRECATED_OBJC_IMPLEMENTATIONS = YES;
				CLANG_WARN_DIRECT_OBJC_ISA_USAGE = YES_ERROR;
				CLANG_WARN_DOCUMENTATION_COMMENTS = YES;
				CLANG_WARN_EMPTY_BODY = YES;
				CLANG_WARN_ENUM_CONVERSION = YES;
				CLANG_WARN_INFINITE_RECURSION = YES;
				CLANG_WARN_INT_CONVERSION = YES;
				CLANG_WARN_NON_LITERAL_NULL_CONVERSION = YES;
				CLANG_WARN_OBJC_IMPLICIT_RETAIN_SELF = YES;
				CLANG_WARN_OBJC_LITERAL_CONVERSION = YES;
				CLANG_WARN_OBJC_ROOT_CLASS = YES_ERROR;
				CLANG_WARN_QUOTED_INCLUDE_IN_FRAMEWORK_HEADER = YES;
				CLANG_WARN_RANGE_LOOP_ANALYSIS = YES;
				CLANG_WARN_STRICT_PROTOTYPES = YES;
				CLANG_WARN_SUSPICIOUS_MOVE = YES;
				CLANG_WARN_UNGUARDED_AVAILABILITY = YES_AGGRESSIVE;
				CLANG_WARN_UNREACHABLE_CODE = YES;
				CLANG_WARN__DUPLICATE_METHOD_MATCH = YES;
				COPY_PHASE_STRIP = NO;
				DEBUG_INFORMATION_FORMAT = "dwarf-with-dsym";
				ENABLE_NS_ASSERTIONS = NO;
				ENABLE_STRICT_OBJC_MSGSEND = YES;
				ENABLE_USER_SCRIPT_SANDBOXING = YES;
				GCC_C_LANGUAGE_STANDARD = gnu17;
				GCC_NO_COMMON_BLOCKS = YES;
				GCC_WARN_64_TO_32_BIT_CONVERSION = YES;
				GCC_WARN_ABOUT_RETURN_TYPE = YES_ERROR;
				GCC_WARN_UNDECLARED_SELECTOR = YES;
				GCC_WARN_UNINITIALIZED_AUTOS = YES_AGGRESSIVE;
				GCC_WARN_UNUSED_FUNCTION = YES;
				GCC_WARN_UNUSED_VARIABLE = YES;
				IPHONEOS_DEPLOYMENT_TARGET = 15.0;
				LOCALIZATION_PREFERS_STRING_CATALOGS = YES;
				MTL_ENABLE_DEBUG_INFO = NO;
				MTL_FAST_MATH = YES;
				SDKROOT = iphoneos;
				SWIFT_COMPILATION_MODE = wholemodule;
				VALIDATE_PRODUCT = YES;
			};
			name = Release;
		};
		1DEB65632B6A6ADF002BDE5C /* Debug */ = {
			isa = XCBuildConfiguration;
			buildSettings = {
				ASSETCATALOG_COMPILER_APPICON_NAME = AppIcon;
				ASSETCATALOG_COMPILER_GLOBAL_ACCENT_COLOR_NAME = AccentColor;
				CODE_SIGN_STYLE = Automatic;
				CURRENT_PROJECT_VERSION = 1;
				DEVELOPMENT_TEAM = V9FFU52WUP;
				GENERATE_INFOPLIST_FILE = YES;
				INFOPLIST_FILE = "TestTask - iOS Nitrix/Info.plist";
				INFOPLIST_KEY_UIApplicationSupportsIndirectInputEvents = YES;
				INFOPLIST_KEY_UILaunchStoryboardName = LaunchScreen;
				INFOPLIST_KEY_UIMainStoryboardFile = Main;
				INFOPLIST_KEY_UISupportedInterfaceOrientations = UIInterfaceOrientationPortrait;
				INFOPLIST_KEY_UISupportedInterfaceOrientations_iPad = "UIInterfaceOrientationPortrait UIInterfaceOrientationPortraitUpsideDown";
				IPHONEOS_DEPLOYMENT_TARGET = 15.0;
				LD_RUNPATH_SEARCH_PATHS = (
					"$(inherited)",
					"@executable_path/Frameworks",
				);
				MARKETING_VERSION = 1.0;
				PRODUCT_BUNDLE_IDENTIFIER = "com.artem-sergeev.TestTask---iOS-Nitrix";
				PRODUCT_NAME = "$(TARGET_NAME)";
				SUPPORTED_PLATFORMS = "iphoneos iphonesimulator";
				SUPPORTS_MACCATALYST = NO;
				SUPPORTS_MAC_DESIGNED_FOR_IPHONE_IPAD = NO;
				SUPPORTS_XR_DESIGNED_FOR_IPHONE_IPAD = NO;
				SWIFT_EMIT_LOC_STRINGS = YES;
				SWIFT_VERSION = 5.0;
				TARGETED_DEVICE_FAMILY = "1,2";
			};
			name = Debug;
		};
		1DEB65642B6A6ADF002BDE5C /* Release */ = {
			isa = XCBuildConfiguration;
			buildSettings = {
				ASSETCATALOG_COMPILER_APPICON_NAME = AppIcon;
				ASSETCATALOG_COMPILER_GLOBAL_ACCENT_COLOR_NAME = AccentColor;
				CODE_SIGN_STYLE = Automatic;
				CURRENT_PROJECT_VERSION = 1;
				DEVELOPMENT_TEAM = V9FFU52WUP;
				GENERATE_INFOPLIST_FILE = YES;
				INFOPLIST_FILE = "TestTask - iOS Nitrix/Info.plist";
				INFOPLIST_KEY_UIApplicationSupportsIndirectInputEvents = YES;
				INFOPLIST_KEY_UILaunchStoryboardName = LaunchScreen;
				INFOPLIST_KEY_UIMainStoryboardFile = Main;
				INFOPLIST_KEY_UISupportedInterfaceOrientations = UIInterfaceOrientationPortrait;
				INFOPLIST_KEY_UISupportedInterfaceOrientations_iPad = "UIInterfaceOrientationPortrait UIInterfaceOrientationPortraitUpsideDown";
				IPHONEOS_DEPLOYMENT_TARGET = 15.0;
				LD_RUNPATH_SEARCH_PATHS = (
					"$(inherited)",
					"@executable_path/Frameworks",
				);
				MARKETING_VERSION = 1.0;
				PRODUCT_BUNDLE_IDENTIFIER = "com.artem-sergeev.TestTask---iOS-Nitrix";
				PRODUCT_NAME = "$(TARGET_NAME)";
				SUPPORTED_PLATFORMS = "iphoneos iphonesimulator";
				SUPPORTS_MACCATALYST = NO;
				SUPPORTS_MAC_DESIGNED_FOR_IPHONE_IPAD = NO;
				SUPPORTS_XR_DESIGNED_FOR_IPHONE_IPAD = NO;
				SWIFT_EMIT_LOC_STRINGS = YES;
				SWIFT_VERSION = 5.0;
				TARGETED_DEVICE_FAMILY = "1,2";
			};
			name = Release;
		};
/* End XCBuildConfiguration section */

/* Begin XCConfigurationList section */
		1DEB65462B6A6ADD002BDE5C /* Build configuration list for PBXProject "TestTask - iOS Nitrix" */ = {
			isa = XCConfigurationList;
			buildConfigurations = (
				1DEB65602B6A6ADF002BDE5C /* Debug */,
				1DEB65612B6A6ADF002BDE5C /* Release */,
			);
			defaultConfigurationIsVisible = 0;
			defaultConfigurationName = Release;
		};
		1DEB65622B6A6ADF002BDE5C /* Build configuration list for PBXNativeTarget "TestTask - iOS Nitrix" */ = {
			isa = XCConfigurationList;
			buildConfigurations = (
				1DEB65632B6A6ADF002BDE5C /* Debug */,
				1DEB65642B6A6ADF002BDE5C /* Release */,
			);
			defaultConfigurationIsVisible = 0;
			defaultConfigurationName = Release;
		};
/* End XCConfigurationList section */

/* Begin XCVersionGroup section */
		1DEB65572B6A6ADD002BDE5C /* TestTask___iOS_Nitrix.xcdatamodeld */ = {
			isa = XCVersionGroup;
			children = (
				1DEB65582B6A6ADD002BDE5C /* TestTask___iOS_Nitrix.xcdatamodel */,
			);
			currentVersion = 1DEB65582B6A6ADD002BDE5C /* TestTask___iOS_Nitrix.xcdatamodel */;
			path = "TestTask___iOS_Nitrix.xcdatamodeld";
			sourceTree = "<group>";
			versionGroupType = wrapper.xcdatamodel;
		};
/* End XCVersionGroup section */
	};
	rootObject = 1DEB65432B6A6ADD002BDE5C /* Project object */;
}
